// !$*UTF8*$!
{
	archiveVersion = 1;
	classes = {
	};
	objectVersion = 56;
	objects = {

/* Begin PBXBuildFile section */
		81B1EF892C5E99B300D8446F /* MovieDetailsVC.m in Sources */ = {isa = PBXBuildFile; fileRef = 81B1EF882C5E99B300D8446F /* MovieDetailsVC.m */; };
		81D289CF2C445D9200482EA1 /* AppDelegate.m in Sources */ = {isa = PBXBuildFile; fileRef = 81D289CE2C445D9200482EA1 /* AppDelegate.m */; };
		81D289D22C445D9200482EA1 /* SceneDelegate.m in Sources */ = {isa = PBXBuildFile; fileRef = 81D289D12C445D9200482EA1 /* SceneDelegate.m */; };
		81D289D82C445D9200482EA1 /* Main.storyboard in Resources */ = {isa = PBXBuildFile; fileRef = 81D289D62C445D9200482EA1 /* Main.storyboard */; };
		81D289DA2C445D9500482EA1 /* Assets.xcassets in Resources */ = {isa = PBXBuildFile; fileRef = 81D289D92C445D9500482EA1 /* Assets.xcassets */; };
		81D289DD2C445D9500482EA1 /* LaunchScreen.storyboard in Resources */ = {isa = PBXBuildFile; fileRef = 81D289DB2C445D9500482EA1 /* LaunchScreen.storyboard */; };
		81D289E02C445D9500482EA1 /* main.m in Sources */ = {isa = PBXBuildFile; fileRef = 81D289DF2C445D9500482EA1 /* main.m */; };
		81D289E82C445E4300482EA1 /* Networking.m in Sources */ = {isa = PBXBuildFile; fileRef = 81D289E72C445E4300482EA1 /* Networking.m */; };
		81D289EB2C44646000482EA1 /* Movies.m in Sources */ = {isa = PBXBuildFile; fileRef = 81D289EA2C44646000482EA1 /* Movies.m */; };
		81D289EE2C4465DC00482EA1 /* HomeViewController.m in Sources */ = {isa = PBXBuildFile; fileRef = 81D289ED2C4465DC00482EA1 /* HomeViewController.m */; };
		81D289F12C44692900482EA1 /* MoviesCell.m in Sources */ = {isa = PBXBuildFile; fileRef = 81D289F02C44692900482EA1 /* MoviesCell.m */; };
		8EBDF29F929CA5618D09E6E9 /* Pods_MovieApp.framework in Frameworks */ = {isa = PBXBuildFile; fileRef = 74DA06EA6451A39BA2D52777 /* Pods_MovieApp.framework */; };
/* End PBXBuildFile section */

/* Begin PBXFileReference section */
		4FC130EA4FAB12815500BB4E /* Pods-MovieApp.release.xcconfig */ = {isa = PBXFileReference; includeInIndex = 1; lastKnownFileType = text.xcconfig; name = "Pods-MovieApp.release.xcconfig"; path = "Target Support Files/Pods-MovieApp/Pods-MovieApp.release.xcconfig"; sourceTree = "<group>"; };
		681789178B79E5AF99F744AE /* Pods-MovieApp.debug.xcconfig */ = {isa = PBXFileReference; includeInIndex = 1; lastKnownFileType = text.xcconfig; name = "Pods-MovieApp.debug.xcconfig"; path = "Target Support Files/Pods-MovieApp/Pods-MovieApp.debug.xcconfig"; sourceTree = "<group>"; };
		74DA06EA6451A39BA2D52777 /* Pods_MovieApp.framework */ = {isa = PBXFileReference; explicitFileType = wrapper.framework; includeInIndex = 0; path = Pods_MovieApp.framework; sourceTree = BUILT_PRODUCTS_DIR; };
		81B1EF872C5E99B300D8446F /* MovieDetailsVC.h */ = {isa = PBXFileReference; lastKnownFileType = sourcecode.c.h; path = MovieDetailsVC.h; sourceTree = "<group>"; };
		81B1EF882C5E99B300D8446F /* MovieDetailsVC.m */ = {isa = PBXFileReference; lastKnownFileType = sourcecode.c.objc; path = MovieDetailsVC.m; sourceTree = "<group>"; };
		81D289CA2C445D9200482EA1 /* MovieApp.app */ = {isa = PBXFileReference; explicitFileType = wrapper.application; includeInIndex = 0; path = MovieApp.app; sourceTree = BUILT_PRODUCTS_DIR; };
		81D289CD2C445D9200482EA1 /* AppDelegate.h */ = {isa = PBXFileReference; lastKnownFileType = sourcecode.c.h; path = AppDelegate.h; sourceTree = "<group>"; };
		81D289CE2C445D9200482EA1 /* AppDelegate.m */ = {isa = PBXFileReference; lastKnownFileType = sourcecode.c.objc; path = AppDelegate.m; sourceTree = "<group>"; };
		81D289D02C445D9200482EA1 /* SceneDelegate.h */ = {isa = PBXFileReference; lastKnownFileType = sourcecode.c.h; path = SceneDelegate.h; sourceTree = "<group>"; };
		81D289D12C445D9200482EA1 /* SceneDelegate.m */ = {isa = PBXFileReference; lastKnownFileType = sourcecode.c.objc; path = SceneDelegate.m; sourceTree = "<group>"; };
		81D289D72C445D9200482EA1 /* Base */ = {isa = PBXFileReference; lastKnownFileType = file.storyboard; name = Base; path = Base.lproj/Main.storyboard; sourceTree = "<group>"; };
		81D289D92C445D9500482EA1 /* Assets.xcassets */ = {isa = PBXFileReference; lastKnownFileType = folder.assetcatalog; path = Assets.xcassets; sourceTree = "<group>"; };
		81D289DC2C445D9500482EA1 /* Base */ = {isa = PBXFileReference; lastKnownFileType = file.storyboard; name = Base; path = Base.lproj/LaunchScreen.storyboard; sourceTree = "<group>"; };
		81D289DE2C445D9500482EA1 /* Info.plist */ = {isa = PBXFileReference; lastKnownFileType = text.plist.xml; path = Info.plist; sourceTree = "<group>"; };
		81D289DF2C445D9500482EA1 /* main.m */ = {isa = PBXFileReference; lastKnownFileType = sourcecode.c.objc; path = main.m; sourceTree = "<group>"; };
		81D289E62C445E4300482EA1 /* Networking.h */ = {isa = PBXFileReference; lastKnownFileType = sourcecode.c.h; path = Networking.h; sourceTree = "<group>"; };
		81D289E72C445E4300482EA1 /* Networking.m */ = {isa = PBXFileReference; lastKnownFileType = sourcecode.c.objc; path = Networking.m; sourceTree = "<group>"; };
		81D289E92C44646000482EA1 /* Movies.h */ = {isa = PBXFileReference; lastKnownFileType = sourcecode.c.h; path = Movies.h; sourceTree = "<group>"; };
		81D289EA2C44646000482EA1 /* Movies.m */ = {isa = PBXFileReference; lastKnownFileType = sourcecode.c.objc; path = Movies.m; sourceTree = "<group>"; };
		81D289EC2C4465DC00482EA1 /* HomeViewController.h */ = {isa = PBXFileReference; lastKnownFileType = sourcecode.c.h; path = HomeViewController.h; sourceTree = "<group>"; };
		81D289ED2C4465DC00482EA1 /* HomeViewController.m */ = {isa = PBXFileReference; lastKnownFileType = sourcecode.c.objc; path = HomeViewController.m; sourceTree = "<group>"; };
		81D289EF2C44692900482EA1 /* MoviesCell.h */ = {isa = PBXFileReference; lastKnownFileType = sourcecode.c.h; path = MoviesCell.h; sourceTree = "<group>"; };
		81D289F02C44692900482EA1 /* MoviesCell.m */ = {isa = PBXFileReference; lastKnownFileType = sourcecode.c.objc; path = MoviesCell.m; sourceTree = "<group>"; };
/* End PBXFileReference section */

/* Begin PBXFrameworksBuildPhase section */
		81D289C72C445D9200482EA1 /* Frameworks */ = {
			isa = PBXFrameworksBuildPhase;
			buildActionMask = 2147483647;
			files = (
				8EBDF29F929CA5618D09E6E9 /* Pods_MovieApp.framework in Frameworks */,
			);
			runOnlyForDeploymentPostprocessing = 0;
		};
/* End PBXFrameworksBuildPhase section */

/* Begin PBXGroup section */
		637BFEDD62F11B1FA55DC2D8 /* Frameworks */ = {
			isa = PBXGroup;
			children = (
				74DA06EA6451A39BA2D52777 /* Pods_MovieApp.framework */,
			);
			name = Frameworks;
			sourceTree = "<group>";
		};
		6C9995742F6DA713D1912CB5 /* Pods */ = {
			isa = PBXGroup;
			children = (
				681789178B79E5AF99F744AE /* Pods-MovieApp.debug.xcconfig */,
				4FC130EA4FAB12815500BB4E /* Pods-MovieApp.release.xcconfig */,
			);
			path = Pods;
			sourceTree = "<group>";
		};
		81D289C12C445D9200482EA1 = {
			isa = PBXGroup;
			children = (
				81D289CC2C445D9200482EA1 /* MovieApp */,
				81D289CB2C445D9200482EA1 /* Products */,
				6C9995742F6DA713D1912CB5 /* Pods */,
				637BFEDD62F11B1FA55DC2D8 /* Frameworks */,
			);
			sourceTree = "<group>";
		};
		81D289CB2C445D9200482EA1 /* Products */ = {
			isa = PBXGroup;
			children = (
				81D289CA2C445D9200482EA1 /* MovieApp.app */,
			);
			name = Products;
			sourceTree = "<group>";
		};
		81D289CC2C445D9200482EA1 /* MovieApp */ = {
			isa = PBXGroup;
			children = (
				81D289CD2C445D9200482EA1 /* AppDelegate.h */,
				81D289CE2C445D9200482EA1 /* AppDelegate.m */,
				81D289D02C445D9200482EA1 /* SceneDelegate.h */,
				81D289D12C445D9200482EA1 /* SceneDelegate.m */,
				81D289D62C445D9200482EA1 /* Main.storyboard */,
				81D289D92C445D9500482EA1 /* Assets.xcassets */,
				81D289DB2C445D9500482EA1 /* LaunchScreen.storyboard */,
				81D289DE2C445D9500482EA1 /* Info.plist */,
				81D289DF2C445D9500482EA1 /* main.m */,
				81D289E62C445E4300482EA1 /* Networking.h */,
				81D289E72C445E4300482EA1 /* Networking.m */,
				81D289E92C44646000482EA1 /* Movies.h */,
				81D289EA2C44646000482EA1 /* Movies.m */,
				81D289EC2C4465DC00482EA1 /* HomeViewController.h */,
				81D289ED2C4465DC00482EA1 /* HomeViewController.m */,
				81D289EF2C44692900482EA1 /* MoviesCell.h */,
				81D289F02C44692900482EA1 /* MoviesCell.m */,
				81B1EF872C5E99B300D8446F /* MovieDetailsVC.h */,
				81B1EF882C5E99B300D8446F /* MovieDetailsVC.m */,
			);
			path = MovieApp;
			sourceTree = "<group>";
		};
/* End PBXGroup section */

/* Begin PBXNativeTarget section */
		81D289C92C445D9200482EA1 /* MovieApp */ = {
			isa = PBXNativeTarget;
			buildConfigurationList = 81D289E32C445D9500482EA1 /* Build configuration list for PBXNativeTarget "MovieApp" */;
			buildPhases = (
				2EC9C6719B7A5682C6EB21CC /* [CP] Check Pods Manifest.lock */,
				81D289C62C445D9200482EA1 /* Sources */,
				81D289C72C445D9200482EA1 /* Frameworks */,
				81D289C82C445D9200482EA1 /* Resources */,
				411DE6BFFC765FD231B7C166 /* [CP] Embed Pods Frameworks */,
			);
			buildRules = (
			);
			dependencies = (
			);
			name = MovieApp;
			productName = MovieApp;
			productReference = 81D289CA2C445D9200482EA1 /* MovieApp.app */;
			productType = "com.apple.product-type.application";
		};
/* End PBXNativeTarget section */

/* Begin PBXProject section */
		81D289C22C445D9200482EA1 /* Project object */ = {
			isa = PBXProject;
			attributes = {
				BuildIndependentTargetsInParallel = 1;
				LastUpgradeCheck = 1430;
				TargetAttributes = {
					81D289C92C445D9200482EA1 = {
						CreatedOnToolsVersion = 14.3.1;
					};
				};
			};
			buildConfigurationList = 81D289C52C445D9200482EA1 /* Build configuration list for PBXProject "MovieApp" */;
			compatibilityVersion = "Xcode 14.0";
			developmentRegion = en;
			hasScannedForEncodings = 0;
			knownRegions = (
				en,
				Base,
			);
			mainGroup = 81D289C12C445D9200482EA1;
			productRefGroup = 81D289CB2C445D9200482EA1 /* Products */;
			projectDirPath = "";
			projectRoot = "";
			targets = (
				81D289C92C445D9200482EA1 /* MovieApp */,
			);
		};
/* End PBXProject section */

/* Begin PBXResourcesBuildPhase section */
		81D289C82C445D9200482EA1 /* Resources */ = {
			isa = PBXResourcesBuildPhase;
			buildActionMask = 2147483647;
			files = (
				81D289DD2C445D9500482EA1 /* LaunchScreen.storyboard in Resources */,
				81D289DA2C445D9500482EA1 /* Assets.xcassets in Resources */,
				81D289D82C445D9200482EA1 /* Main.storyboard in Resources */,
			);
			runOnlyForDeploymentPostprocessing = 0;
		};
/* End PBXResourcesBuildPhase section */

/* Begin PBXShellScriptBuildPhase section */
		2EC9C6719B7A5682C6EB21CC /* [CP] Check Pods Manifest.lock */ = {
			isa = PBXShellScriptBuildPhase;
			buildActionMask = 2147483647;
			files = (
			);
			inputFileListPaths = (
			);
			inputPaths = (
				"${PODS_PODFILE_DIR_PATH}/Podfile.lock",
				"${PODS_ROOT}/Manifest.lock",
			);
			name = "[CP] Check Pods Manifest.lock";
			outputFileListPaths = (
			);
			outputPaths = (
				"$(DERIVED_FILE_DIR)/Pods-MovieApp-checkManifestLockResult.txt",
			);
			runOnlyForDeploymentPostprocessing = 0;
			shellPath = /bin/sh;
			shellScript = "diff \"${PODS_PODFILE_DIR_PATH}/Podfile.lock\" \"${PODS_ROOT}/Manifest.lock\" > /dev/null\nif [ $? != 0 ] ; then\n    # print error to STDERR\n    echo \"error: The sandbox is not in sync with the Podfile.lock. Run 'pod install' or update your CocoaPods installation.\" >&2\n    exit 1\nfi\n# This output is used by Xcode 'outputs' to avoid re-running this script phase.\necho \"SUCCESS\" > \"${SCRIPT_OUTPUT_FILE_0}\"\n";
			showEnvVarsInLog = 0;
		};
		411DE6BFFC765FD231B7C166 /* [CP] Embed Pods Frameworks */ = {
			isa = PBXShellScriptBuildPhase;
			buildActionMask = 2147483647;
			files = (
			);
			inputFileListPaths = (
				"${PODS_ROOT}/Target Support Files/Pods-MovieApp/Pods-MovieApp-frameworks-${CONFIGURATION}-input-files.xcfilelist",
			);
			name = "[CP] Embed Pods Frameworks";
			outputFileListPaths = (
				"${PODS_ROOT}/Target Support Files/Pods-MovieApp/Pods-MovieApp-frameworks-${CONFIGURATION}-output-files.xcfilelist",
			);
			runOnlyForDeploymentPostprocessing = 0;
			shellPath = /bin/sh;
			shellScript = "\"${PODS_ROOT}/Target Support Files/Pods-MovieApp/Pods-MovieApp-frameworks.sh\"\n";
			showEnvVarsInLog = 0;
		};
/* End PBXShellScriptBuildPhase section */

/* Begin PBXSourcesBuildPhase section */
		81D289C62C445D9200482EA1 /* Sources */ = {
			isa = PBXSourcesBuildPhase;
			buildActionMask = 2147483647;
			files = (
				81D289EB2C44646000482EA1 /* Movies.m in Sources */,
				81D289E82C445E4300482EA1 /* Networking.m in Sources */,
				81B1EF892C5E99B300D8446F /* MovieDetailsVC.m in Sources */,
				81D289CF2C445D9200482EA1 /* AppDelegate.m in Sources */,
				81D289E02C445D9500482EA1 /* main.m in Sources */,
				81D289F12C44692900482EA1 /* MoviesCell.m in Sources */,
				81D289D22C445D9200482EA1 /* SceneDelegate.m in Sources */,
				81D289EE2C4465DC00482EA1 /* HomeViewController.m in Sources */,
			);
			runOnlyForDeploymentPostprocessing = 0;
		};
/* End PBXSourcesBuildPhase section */

/* Begin PBXVariantGroup section */
		81D289D62C445D9200482EA1 /* Main.storyboard */ = {
			isa = PBXVariantGroup;
			children = (
				81D289D72C445D9200482EA1 /* Base */,
			);
			name = Main.storyboard;
			sourceTree = "<group>";
		};
		81D289DB2C445D9500482EA1 /* LaunchScreen.storyboard */ = {
			isa = PBXVariantGroup;
			children = (
				81D289DC2C445D9500482EA1 /* Base */,
			);
			name = LaunchScreen.storyboard;
			sourceTree = "<group>";
		};
/* End PBXVariantGroup section */

/* Begin XCBuildConfiguration section */
		81D289E12C445D9500482EA1 /* Debug */ = {
			isa = XCBuildConfiguration;
			buildSettings = {
				ALWAYS_SEARCH_USER_PATHS = NO;
				CLANG_ANALYZER_NONNULL = YES;
				CLANG_ANALYZER_NUMBER_OBJECT_CONVERSION = YES_AGGRESSIVE;
				CLANG_CXX_LANGUAGE_STANDARD = "gnu++20";
				CLANG_ENABLE_MODULES = YES;
				CLANG_ENABLE_OBJC_ARC = YES;
				CLANG_ENABLE_OBJC_WEAK = YES;
				CLANG_WARN_BLOCK_CAPTURE_AUTORELEASING = YES;
				CLANG_WARN_BOOL_CONVERSION = YES;
				CLANG_WARN_COMMA = YES;
				CLANG_WARN_CONSTANT_CONVERSION = YES;
				CLANG_WARN_DEPRECATED_OBJC_IMPLEMENTATIONS = YES;
				CLANG_WARN_DIRECT_OBJC_ISA_USAGE = YES_ERROR;
				CLANG_WARN_DOCUMENTATION_COMMENTS = YES;
				CLANG_WARN_EMPTY_BODY = YES;
				CLANG_WARN_ENUM_CONVERSION = YES;
				CLANG_WARN_INFINITE_RECURSION = YES;
				CLANG_WARN_INT_CONVERSION = YES;
				CLANG_WARN_NON_LITERAL_NULL_CONVERSION = YES;
				CLANG_WARN_OBJC_IMPLICIT_RETAIN_SELF = YES;
				CLANG_WARN_OBJC_LITERAL_CONVERSION = YES;
				CLANG_WARN_OBJC_ROOT_CLASS = YES_ERROR;
				CLANG_WARN_QUOTED_INCLUDE_IN_FRAMEWORK_HEADER = YES;
				CLANG_WARN_RANGE_LOOP_ANALYSIS = YES;
				CLANG_WARN_STRICT_PROTOTYPES = YES;
				CLANG_WARN_SUSPICIOUS_MOVE = YES;
				CLANG_WARN_UNGUARDED_AVAILABILITY = YES_AGGRESSIVE;
				CLANG_WARN_UNREACHABLE_CODE = YES;
				CLANG_WARN__DUPLICATE_METHOD_MATCH = YES;
				COPY_PHASE_STRIP = NO;
				DEBUG_INFORMATION_FORMAT = dwarf;
				ENABLE_STRICT_OBJC_MSGSEND = YES;
				ENABLE_TESTABILITY = YES;
				GCC_C_LANGUAGE_STANDARD = gnu11;
				GCC_DYNAMIC_NO_PIC = NO;
				GCC_NO_COMMON_BLOCKS = YES;
				GCC_OPTIMIZATION_LEVEL = 0;
				GCC_PREPROCESSOR_DEFINITIONS = (
					"DEBUG=1",
					"$(inherited)",
				);
				GCC_WARN_64_TO_32_BIT_CONVERSION = YES;
				GCC_WARN_ABOUT_RETURN_TYPE = YES_ERROR;
				GCC_WARN_UNDECLARED_SELECTOR = YES;
				GCC_WARN_UNINITIALIZED_AUTOS = YES_AGGRESSIVE;
				GCC_WARN_UNUSED_FUNCTION = YES;
				GCC_WARN_UNUSED_VARIABLE = YES;
				IPHONEOS_DEPLOYMENT_TARGET = 16.4;
				MTL_ENABLE_DEBUG_INFO = INCLUDE_SOURCE;
				MTL_FAST_MATH = YES;
				ONLY_ACTIVE_ARCH = YES;
				SDKROOT = iphoneos;
			};
			name = Debug;
		};
		81D289E22C445D9500482EA1 /* Release */ = {
			isa = XCBuildConfiguration;
			buildSettings = {
				ALWAYS_SEARCH_USER_PATHS = NO;
				CLANG_ANALYZER_NONNULL = YES;
				CLANG_ANALYZER_NUMBER_OBJECT_CONVERSION = YES_AGGRESSIVE;
				CLANG_CXX_LANGUAGE_STANDARD = "gnu++20";
				CLANG_ENABLE_MODULES = YES;
				CLANG_ENABLE_OBJC_ARC = YES;
				CLANG_ENABLE_OBJC_WEAK = YES;
				CLANG_WARN_BLOCK_CAPTURE_AUTORELEASING = YES;
				CLANG_WARN_BOOL_CONVERSION = YES;
				CLANG_WARN_COMMA = YES;
				CLANG_WARN_CONSTANT_CONVERSION = YES;
				CLANG_WARN_DEPRECATED_OBJC_IMPLEMENTATIONS = YES;
				CLANG_WARN_DIRECT_OBJC_ISA_USAGE = YES_ERROR;
				CLANG_WARN_DOCUMENTATION_COMMENTS = YES;
				CLANG_WARN_EMPTY_BODY = YES;
				CLANG_WARN_ENUM_CONVERSION = YES;
				CLANG_WARN_INFINITE_RECURSION = YES;
				CLANG_WARN_INT_CONVERSION = YES;
				CLANG_WARN_NON_LITERAL_NULL_CONVERSION = YES;
				CLANG_WARN_OBJC_IMPLICIT_RETAIN_SELF = YES;
				CLANG_WARN_OBJC_LITERAL_CONVERSION = YES;
				CLANG_WARN_OBJC_ROOT_CLASS = YES_ERROR;
				CLANG_WARN_QUOTED_INCLUDE_IN_FRAMEWORK_HEADER = YES;
				CLANG_WARN_RANGE_LOOP_ANALYSIS = YES;
				CLANG_WARN_STRICT_PROTOTYPES = YES;
				CLANG_WARN_SUSPICIOUS_MOVE = YES;
				CLANG_WARN_UNGUARDED_AVAILABILITY = YES_AGGRESSIVE;
				CLANG_WARN_UNREACHABLE_CODE = YES;
				CLANG_WARN__DUPLICATE_METHOD_MATCH = YES;
				COPY_PHASE_STRIP = NO;
				DEBUG_INFORMATION_FORMAT = "dwarf-with-dsym";
				ENABLE_NS_ASSERTIONS = NO;
				ENABLE_STRICT_OBJC_MSGSEND = YES;
				GCC_C_LANGUAGE_STANDARD = gnu11;
				GCC_NO_COMMON_BLOCKS = YES;
				GCC_WARN_64_TO_32_BIT_CONVERSION = YES;
				GCC_WARN_ABOUT_RETURN_TYPE = YES_ERROR;
				GCC_WARN_UNDECLARED_SELECTOR = YES;
				GCC_WARN_UNINITIALIZED_AUTOS = YES_AGGRESSIVE;
				GCC_WARN_UNUSED_FUNCTION = YES;
				GCC_WARN_UNUSED_VARIABLE = YES;
				IPHONEOS_DEPLOYMENT_TARGET = 16.4;
				MTL_ENABLE_DEBUG_INFO = NO;
				MTL_FAST_MATH = YES;
				SDKROOT = iphoneos;
				VALIDATE_PRODUCT = YES;
			};
			name = Release;
		};
		81D289E42C445D9500482EA1 /* Debug */ = {
			isa = XCBuildConfiguration;
			baseConfigurationReference = 681789178B79E5AF99F744AE /* Pods-MovieApp.debug.xcconfig */;
			buildSettings = {
				ASSETCATALOG_COMPILER_APPICON_NAME = AppIcon;
				ASSETCATALOG_COMPILER_GLOBAL_ACCENT_COLOR_NAME = AccentColor;
				CODE_SIGN_STYLE = Automatic;
				CURRENT_PROJECT_VERSION = 1;
				GENERATE_INFOPLIST_FILE = YES;
				INFOPLIST_FILE = MovieApp/Info.plist;
				INFOPLIST_KEY_UIApplicationSupportsIndirectInputEvents = YES;
				INFOPLIST_KEY_UILaunchStoryboardName = LaunchScreen;
				INFOPLIST_KEY_UIMainStoryboardFile = Main;
				INFOPLIST_KEY_UISupportedInterfaceOrientations_iPad = "UIInterfaceOrientationPortrait UIInterfaceOrientationPortraitUpsideDown UIInterfaceOrientationLandscapeLeft UIInterfaceOrientationLandscapeRight";
				INFOPLIST_KEY_UISupportedInterfaceOrientations_iPhone = "UIInterfaceOrientationPortrait UIInterfaceOrientationLandscapeLeft UIInterfaceOrientationLandscapeRight";
				LD_RUNPATH_SEARCH_PATHS = (
					"$(inherited)",
					"@executable_path/Frameworks",
				);
				MARKETING_VERSION = 1.0;
				PRODUCT_BUNDLE_IDENTIFIER = home.MovieApp;
				PRODUCT_NAME = "$(TARGET_NAME)";
				SWIFT_EMIT_LOC_STRINGS = YES;
				TARGETED_DEVICE_FAMILY = "1,2";
			};
			name = Debug;
		};
		81D289E52C445D9500482EA1 /* Release */ = {
			isa = XCBuildConfiguration;
			baseConfigurationReference = 4FC130EA4FAB12815500BB4E /* Pods-MovieApp.release.xcconfig */;
			buildSettings = {
				ASSETCATALOG_COMPILER_APPICON_NAME = AppIcon;
				ASSETCATALOG_COMPILER_GLOBAL_ACCENT_COLOR_NAME = AccentColor;
				CODE_SIGN_STYLE = Automatic;
				CURRENT_PROJECT_VERSION = 1;
				GENERATE_INFOPLIST_FILE = YES;
				INFOPLIST_FILE = MovieApp/Info.plist;
				INFOPLIST_KEY_UIApplicationSupportsIndirectInputEvents = YES;
				INFOPLIST_KEY_UILaunchStoryboardName = LaunchScreen;
				INFOPLIST_KEY_UIMainStoryboardFile = Main;
				INFOPLIST_KEY_UISupportedInterfaceOrientations_iPad = "UIInterfaceOrientationPortrait UIInterfaceOrientationPortraitUpsideDown UIInterfaceOrientationLandscapeLeft UIInterfaceOrientationLandscapeRight";
				INFOPLIST_KEY_UISupportedInterfaceOrientations_iPhone = "UIInterfaceOrientationPortrait UIInterfaceOrientationLandscapeLeft UIInterfaceOrientationLandscapeRight";
				LD_RUNPATH_SEARCH_PATHS = (
					"$(inherited)",
					"@executable_path/Frameworks",
				);
				MARKETING_VERSION = 1.0;
				PRODUCT_BUNDLE_IDENTIFIER = home.MovieApp;
				PRODUCT_NAME = "$(TARGET_NAME)";
				SWIFT_EMIT_LOC_STRINGS = YES;
				TARGETED_DEVICE_FAMILY = "1,2";
			};
			name = Release;
		};
/* End XCBuildConfiguration section */

/* Begin XCConfigurationList section */
		81D289C52C445D9200482EA1 /* Build configuration list for PBXProject "MovieApp" */ = {
			isa = XCConfigurationList;
			buildConfigurations = (
				81D289E12C445D9500482EA1 /* Debug */,
				81D289E22C445D9500482EA1 /* Release */,
			);
			defaultConfigurationIsVisible = 0;
			defaultConfigurationName = Release;
		};
		81D289E32C445D9500482EA1 /* Build configuration list for PBXNativeTarget "MovieApp" */ = {
			isa = XCConfigurationList;
			buildConfigurations = (
				81D289E42C445D9500482EA1 /* Debug */,
				81D289E52C445D9500482EA1 /* Release */,
			);
			defaultConfigurationIsVisible = 0;
			defaultConfigurationName = Release;
		};
/* End XCConfigurationList section */
	};
	rootObject = 81D289C22C445D9200482EA1 /* Project object */;
}
